
Microsoft Visual Studio Solution File, Format Version 12.00
# Visual Studio 14
VisualStudioVersion = 14.0.25420.1
MinimumVisualStudioVersion = 10.0.40219.1
Project("{FAE04EC0-301F-11D3-BF4B-00C04F79EFBC}") = "DMS.DAL", "DMS.DAL\DMS.DAL.csproj", "{DCBFD1DF-FC44-4F76-BD3D-4EF39B4340F5}"
EndProject
Project("{FAE04EC0-301F-11D3-BF4B-00C04F79EFBC}") = "DMS", "DMS\DMS.csproj", "{05CCD9F4-29A2-434B-B134-E81EF664D93B}"
EndProject
Global
	GlobalSection(SolutionConfigurationPlatforms) = preSolution
		Debug|Any CPU = Debug|Any CPU
		Release|Any CPU = Release|Any CPU
	EndGlobalSection
	GlobalSection(ProjectConfigurationPlatforms) = postSolution
		{DCBFD1DF-FC44-4F76-BD3D-4EF39B4340F5}.Debug|Any CPU.ActiveCfg = Debug|Any CPU
		{DCBFD1DF-FC44-4F76-BD3D-4EF39B4340F5}.Debug|Any CPU.Build.0 = Debug|Any CPU
		{DCBFD1DF-FC44-4F76-BD3D-4EF39B4340F5}.Release|Any CPU.ActiveCfg = Release|Any CPU
		{DCBFD1DF-FC44-4F76-BD3D-4EF39B4340F5}.Release|Any CPU.Build.0 = Release|Any CPU
		{05CCD9F4-29A2-434B-B134-E81EF664D93B}.Debug|Any CPU.ActiveCfg = Debug|Any CPU
		{05CCD9F4-29A2-434B-B134-E81EF664D93B}.Debug|Any CPU.Build.0 = Debug|Any CPU
		{05CCD9F4-29A2-434B-B134-E81EF664D93B}.Release|Any CPU.ActiveCfg = Release|Any CPU
		{05CCD9F4-29A2-434B-B134-E81EF664D93B}.Release|Any CPU.Build.0 = Release|Any CPU
	EndGlobalSection
	GlobalSection(SolutionProperties) = preSolution
		HideSolutionNode = FALSE
	EndGlobalSection
EndGlobal
